
Microsoft Visual Studio Solution File, Format Version 12.00
# Visual Studio 15
VisualStudioVersion = 15.0.28010.2019
MinimumVisualStudioVersion = 10.0.40219.1
Project("{8BC9CEB8-8B4A-11D0-8D11-00A0C91BC942}") = "Display-Lock", "Display-Lock.vcxproj", "{54ECC289-59DD-474D-9C40-143DBD663495}"
EndProject
Global
	GlobalSection(SolutionConfigurationPlatforms) = preSolution
		Debug|x64 = Debug|x64
		Debug|x86 = Debug|x86
		Release|x64 = Release|x64
		Release|x86 = Release|x86
	EndGlobalSection
	GlobalSection(ProjectConfigurationPlatforms) = postSolution
		{54ECC289-59DD-474D-9C40-143DBD663495}.Debug|x64.ActiveCfg = Debug|x64
		{54ECC289-59DD-474D-9C40-143DBD663495}.Debug|x64.Build.0 = Debug|x64
		{54ECC289-59DD-474D-9C40-143DBD663495}.Debug|x86.ActiveCfg = Debug|Win32
		{54ECC289-59DD-474D-9C40-143DBD663495}.Debug|x86.Build.0 = Debug|Win32
		{54ECC289-59DD-474D-9C40-143DBD663495}.Release|x64.ActiveCfg = Release|x64
		{54ECC289-59DD-474D-9C40-143DBD663495}.Release|x64.Build.0 = Release|x64
		{54ECC289-59DD-474D-9C40-143DBD663495}.Release|x86.ActiveCfg = Release|Win32
		{54ECC289-59DD-474D-9C40-143DBD663495}.Release|x86.Build.0 = Release|Win32
	EndGlobalSection
	GlobalSection(SolutionProperties) = preSolution
		HideSolutionNode = FALSE
	EndGlobalSection
	GlobalSection(ExtensibilityGlobals) = postSolution
		SolutionGuid = {9EBFFC18-FD7B-4D37-8BE5-0A2FF1B86D30}
	EndGlobalSection
EndGlobal
