
Microsoft Visual Studio Solution File, Format Version 12.00
# Visual Studio 15
VisualStudioVersion = 15.0.27428.2027
MinimumVisualStudioVersion = 10.0.40219.1
Project("{8BC9CEB8-8B4A-11D0-8D11-00A0C91BC942}") = "Display Lock", "Display Lock.vcxproj", "{98475F5E-089A-40A5-B228-925B46B8EC37}"
EndProject
Global
	GlobalSection(SolutionConfigurationPlatforms) = preSolution
		Debug|x64 = Debug|x64
		Debug|x86 = Debug|x86
		Release|x64 = Release|x64
		Release|x86 = Release|x86
	EndGlobalSection
	GlobalSection(ProjectConfigurationPlatforms) = postSolution
		{98475F5E-089A-40A5-B228-925B46B8EC37}.Debug|x64.ActiveCfg = Debug|x64
		{98475F5E-089A-40A5-B228-925B46B8EC37}.Debug|x64.Build.0 = Debug|x64
		{98475F5E-089A-40A5-B228-925B46B8EC37}.Debug|x86.ActiveCfg = Debug|Win32
		{98475F5E-089A-40A5-B228-925B46B8EC37}.Debug|x86.Build.0 = Debug|Win32
		{98475F5E-089A-40A5-B228-925B46B8EC37}.Release|x64.ActiveCfg = Release|x64
		{98475F5E-089A-40A5-B228-925B46B8EC37}.Release|x64.Build.0 = Release|x64
		{98475F5E-089A-40A5-B228-925B46B8EC37}.Release|x86.ActiveCfg = Release|Win32
		{98475F5E-089A-40A5-B228-925B46B8EC37}.Release|x86.Build.0 = Release|Win32
	EndGlobalSection
	GlobalSection(SolutionProperties) = preSolution
		HideSolutionNode = FALSE
	EndGlobalSection
	GlobalSection(ExtensibilityGlobals) = postSolution
		SolutionGuid = {C455D98E-E499-4F3E-B58C-5B95ACA5D11F}
	EndGlobalSection
EndGlobal
